
Microsoft Visual Studio Solution File, Format Version 12.00
# Visual Studio 2015
Project("{FAE04EC0-301F-11D3-BF4B-00C04F79EFBC}") = "Project 1 - Mining.CSharp", "Project 1 - Mining.CSharp.csproj", "{B7E35F20-898B-13C3-2C6C-2293508A3588}"
EndProject
Global
	GlobalSection(SolutionConfigurationPlatforms) = preSolution
		Debug|Any CPU = Debug|Any CPU
		Release|Any CPU = Release|Any CPU
	EndGlobalSection
	GlobalSection(ProjectConfigurationPlatforms) = postSolution
		{B7E35F20-898B-13C3-2C6C-2293508A3588}.Debug|Any CPU.ActiveCfg = Debug|Any CPU
		{B7E35F20-898B-13C3-2C6C-2293508A3588}.Debug|Any CPU.Build.0 = Debug|Any CPU
		{B7E35F20-898B-13C3-2C6C-2293508A3588}.Release|Any CPU.ActiveCfg = Release|Any CPU
		{B7E35F20-898B-13C3-2C6C-2293508A3588}.Release|Any CPU.Build.0 = Release|Any CPU
	EndGlobalSection
	GlobalSection(SolutionProperties) = preSolution
		HideSolutionNode = FALSE
	EndGlobalSection
EndGlobal
